
Microsoft Visual Studio Solution File, Format Version 12.00
# Visual Studio Version 17
VisualStudioVersion = 17.3.32929.385
MinimumVisualStudioVersion = 10.0.40219.1
Project("{FAE04EC0-301F-11D3-BF4B-00C04F79EFBC}") = "AssetProxy", "AssetProxy\AssetProxy.csproj", "{619ADA63-99EF-4255-88C3-5DD2421D419F}"
EndProject
Global
	GlobalSection(SolutionConfigurationPlatforms) = preSolution
		Debug|Any CPU = Debug|Any CPU
		Release|Any CPU = Release|Any CPU
	EndGlobalSection
	GlobalSection(ProjectConfigurationPlatforms) = postSolution
		{619ADA63-99EF-4255-88C3-5DD2421D419F}.Debug|Any CPU.ActiveCfg = Debug|Any CPU
		{619ADA63-99EF-4255-88C3-5DD2421D419F}.Debug|Any CPU.Build.0 = Debug|Any CPU
		{619ADA63-99EF-4255-88C3-5DD2421D419F}.Release|Any CPU.ActiveCfg = Release|Any CPU
		{619ADA63-99EF-4255-88C3-5DD2421D419F}.Release|Any CPU.Build.0 = Release|Any CPU
	EndGlobalSection
	GlobalSection(SolutionProperties) = preSolution
		HideSolutionNode = FALSE
	EndGlobalSection
	GlobalSection(ExtensibilityGlobals) = postSolution
		SolutionGuid = {F1784C84-B8F4-47C1-8466-71A07876F904}
	EndGlobalSection
EndGlobal
