# This file is automatically @generated by Wally.
# It is not intended for manual editing.
registry = "test"

[[package]]
name = "maximumadhd/cage-mesh-deformer"
version = "1.0.0"
dependencies = [["Signal", "sleitnick/signal@1.2.1"], ["Trove", "sleitnick/trove@0.5.0"]]

[[package]]
name = "sleitnick/signal"
version = "1.2.1"
dependencies = []

[[package]]
name = "sleitnick/trove"
version = "0.5.0"
dependencies = []
